<?xml version="1.0" encoding="utf-8"?>
<Project ToolsVersion="4.0" xmlns="http://schemas.microsoft.com/developer/msbuild/2003">
  <ItemGroup>
    <Filter Include="core">
      <UniqueIdentifier>{ab0b22a4-adaf-4b9d-a56a-ade6ad9d927b}</UniqueIdentifier>
    </Filter>
    <Filter Include="geometry">
      <UniqueIdentifier>{eef4fdfc-02bf-4b49-af49-c23278c1a272}</UniqueIdentifier>
    </Filter>
    <Filter Include="material">
      <UniqueIdentifier>{e7bbe5a2-1dca-4187-be3d-75cbed8166d4}</UniqueIdentifier>
    </Filter>
    <Filter Include="application">
      <UniqueIdentifier>{dcb4fc57-0075-4a36-b573-881323fec5c7}</UniqueIdentifier>
    </Filter>
  </ItemGroup>
  <ItemGroup>
    <ClInclude Include="..\src\core\scene.h">
      <Filter>core</Filter>
    </ClInclude>
    <ClInclude Include="..\src\geomtery\triangle.h">
      <Filter>geometry</Filter>
    </ClInclude>
    <ClInclude Include="..\src\material\material.h">
      <Filter>material</Filter>
    </ClInclude>
    <ClInclude Include="..\src\application\application.h">
      <Filter>application</Filter>
    </ClInclude>
  </ItemGroup>
  <ItemGroup>
    <ClCompile Include="..\src\main.cpp" />
    <ClCompile Include="..\src\application\application.cpp">
      <Filter>application</Filter>
    </ClCompile>
  </ItemGroup>
</Project>