<?xml version="1.0" encoding="utf-8"?>
<Project ToolsVersion="4.0" xmlns="http://schemas.microsoft.com/developer/msbuild/2003">
  <ItemGroup>
    <Filter Include="core">
      <UniqueIdentifier>{ab0b22a4-adaf-4b9d-a56a-ade6ad9d927b}</UniqueIdentifier>
    </Filter>
    <Filter Include="geometry">
      <UniqueIdentifier>{eef4fdfc-02bf-4b49-af49-c23278c1a272}</UniqueIdentifier>
    </Filter>
    <Filter Include="material">
      <UniqueIdentifier>{e7bbe5a2-1dca-4187-be3d-75cbed8166d4}</UniqueIdentifier>
    </Filter>
    <Filter Include="application">
      <UniqueIdentifier>{dcb4fc57-0075-4a36-b573-881323fec5c7}</UniqueIdentifier>
    </Filter>
    <Filter Include="imgui">
      <UniqueIdentifier>{ede03f4e-86e8-44bb-8fef-037c9452c18e}</UniqueIdentifier>
    </Filter>
    <Filter Include="cameras">
      <UniqueIdentifier>{35a647dc-72c5-4037-b041-77907b6a7529}</UniqueIdentifier>
    </Filter>
    <Filter Include="rasterizer">
      <UniqueIdentifier>{64da162b-42a8-4a77-8069-d8f831c884e3}</UniqueIdentifier>
    </Filter>
    <Filter Include="rasterizer\glsl">
      <UniqueIdentifier>{6a8e4670-9251-41c4-91a3-a5d81f96d61c}</UniqueIdentifier>
    </Filter>
  </ItemGroup>
  <ItemGroup>
    <ClInclude Include="..\src\core\scene.h">
      <Filter>core</Filter>
    </ClInclude>
    <ClInclude Include="..\src\material\material.h">
      <Filter>material</Filter>
    </ClInclude>
    <ClInclude Include="..\src\application\application.h">
      <Filter>application</Filter>
    </ClInclude>
    <ClInclude Include="..\src\application\window.h">
      <Filter>application</Filter>
    </ClInclude>
    <ClInclude Include="..\3rd_party\imgui\imconfig.h">
      <Filter>imgui</Filter>
    </ClInclude>
    <ClInclude Include="..\3rd_party\imgui\imgui.h">
      <Filter>imgui</Filter>
    </ClInclude>
    <ClInclude Include="..\3rd_party\imgui\imgui_internal.h">
      <Filter>imgui</Filter>
    </ClInclude>
    <ClInclude Include="..\3rd_party\imgui\imstb_rectpack.h">
      <Filter>imgui</Filter>
    </ClInclude>
    <ClInclude Include="..\3rd_party\imgui\imstb_textedit.h">
      <Filter>imgui</Filter>
    </ClInclude>
    <ClInclude Include="..\3rd_party\imgui\imstb_truetype.h">
      <Filter>imgui</Filter>
    </ClInclude>
    <ClInclude Include="..\3rd_party\imgui\examples\imgui_impl_opengl3.h">
      <Filter>imgui</Filter>
    </ClInclude>
    <ClInclude Include="..\3rd_party\imgui\examples\imgui_impl_glfw.h">
      <Filter>imgui</Filter>
    </ClInclude>
    <ClInclude Include="..\src\application\menu.h">
      <Filter>application</Filter>
    </ClInclude>
    <ClInclude Include="..\src\geometry\triangle.h">
      <Filter>geometry</Filter>
    </ClInclude>
    <ClInclude Include="..\src\cameras\perspective.h">
      <Filter>cameras</Filter>
    </ClInclude>
    <ClInclude Include="..\src\core\camera.h">
      <Filter>core</Filter>
    </ClInclude>
    <ClInclude Include="..\src\rasterizer\camera.h">
      <Filter>rasterizer</Filter>
    </ClInclude>
    <ClInclude Include="..\src\rasterizer\mesh.h">
      <Filter>rasterizer</Filter>
    </ClInclude>
    <ClInclude Include="..\src\rasterizer\shader.h">
      <Filter>rasterizer</Filter>
    </ClInclude>
    <ClInclude Include="..\src\geometry\model.h">
      <Filter>geometry</Filter>
    </ClInclude>
    <ClInclude Include="..\src\rasterizer\input_handler.h">
      <Filter>rasterizer</Filter>
    </ClInclude>
  </ItemGroup>
  <ItemGroup>
    <ClCompile Include="..\src\main.cpp" />
    <ClCompile Include="..\src\application\application.cpp">
      <Filter>application</Filter>
    </ClCompile>
    <ClCompile Include="..\src\application\window.cpp">
      <Filter>application</Filter>
    </ClCompile>
    <ClCompile Include="..\3rd_party\imgui\imgui.cpp">
      <Filter>imgui</Filter>
    </ClCompile>
    <ClCompile Include="..\3rd_party\imgui\imgui_demo.cpp">
      <Filter>imgui</Filter>
    </ClCompile>
    <ClCompile Include="..\3rd_party\imgui\imgui_draw.cpp">
      <Filter>imgui</Filter>
    </ClCompile>
    <ClCompile Include="..\3rd_party\imgui\imgui_widgets.cpp">
      <Filter>imgui</Filter>
    </ClCompile>
    <ClCompile Include="..\3rd_party\imgui\examples\imgui_impl_opengl3.cpp">
      <Filter>imgui</Filter>
    </ClCompile>
    <ClCompile Include="..\3rd_party\imgui\examples\imgui_impl_glfw.cpp">
      <Filter>imgui</Filter>
    </ClCompile>
    <ClCompile Include="..\src\application\menu.cpp">
      <Filter>application</Filter>
    </ClCompile>
    <ClCompile Include="..\src\rasterizer\mesh.cpp">
      <Filter>rasterizer</Filter>
    </ClCompile>
    <ClCompile Include="..\src\rasterizer\shader.cpp">
      <Filter>rasterizer</Filter>
    </ClCompile>
    <ClCompile Include="..\src\geometry\model.cpp">
      <Filter>geometry</Filter>
    </ClCompile>
    <ClCompile Include="..\src\rasterizer\input_handler.cpp">
      <Filter>rasterizer</Filter>
    </ClCompile>
  </ItemGroup>
  <ItemGroup>
    <None Include="..\src\rasterizer\glsl\default.frag">
      <Filter>rasterizer\glsl</Filter>
    </None>
    <None Include="..\src\rasterizer\glsl\default.vert">
      <Filter>rasterizer\glsl</Filter>
    </None>
  </ItemGroup>
</Project>