<?xml version="1.0" encoding="utf-8"?>
<Project ToolsVersion="4.0" xmlns="http://schemas.microsoft.com/developer/msbuild/2003">
  <ItemGroup>
    <Filter Include="core">
      <UniqueIdentifier>{ab0b22a4-adaf-4b9d-a56a-ade6ad9d927b}</UniqueIdentifier>
    </Filter>
    <Filter Include="geometry">
      <UniqueIdentifier>{eef4fdfc-02bf-4b49-af49-c23278c1a272}</UniqueIdentifier>
    </Filter>
    <Filter Include="application">
      <UniqueIdentifier>{dcb4fc57-0075-4a36-b573-881323fec5c7}</UniqueIdentifier>
    </Filter>
    <Filter Include="imgui">
      <UniqueIdentifier>{ede03f4e-86e8-44bb-8fef-037c9452c18e}</UniqueIdentifier>
    </Filter>
    <Filter Include="cameras">
      <UniqueIdentifier>{35a647dc-72c5-4037-b041-77907b6a7529}</UniqueIdentifier>
    </Filter>
    <Filter Include="rasterizer">
      <UniqueIdentifier>{64da162b-42a8-4a77-8069-d8f831c884e3}</UniqueIdentifier>
    </Filter>
    <Filter Include="rasterizer\glsl">
      <UniqueIdentifier>{6a8e4670-9251-41c4-91a3-a5d81f96d61c}</UniqueIdentifier>
    </Filter>
    <Filter Include="rasterizer\glsl\texture">
      <UniqueIdentifier>{08ac733a-b9b2-4a40-b3b8-ecc7ad9574cd}</UniqueIdentifier>
    </Filter>
    <Filter Include="rasterizer\glsl\flat">
      <UniqueIdentifier>{99b79785-039d-45db-966b-6ec46b062761}</UniqueIdentifier>
    </Filter>
    <Filter Include="materials">
      <UniqueIdentifier>{e7bbe5a2-1dca-4187-be3d-75cbed8166d4}</UniqueIdentifier>
    </Filter>
    <Filter Include="integrators">
      <UniqueIdentifier>{f3c90fd0-c075-4a7f-9bde-aa6c40e2dbe7}</UniqueIdentifier>
    </Filter>
    <Filter Include="accelerators">
      <UniqueIdentifier>{dc9689d1-07e8-4d34-8c66-d5279ce0ceb6}</UniqueIdentifier>
    </Filter>
    <Filter Include="rasterizer\glsl\normals">
      <UniqueIdentifier>{cbf36899-498a-47e8-a2d4-22b059959635}</UniqueIdentifier>
    </Filter>
    <Filter Include="rasterizer\glsl\smooth">
      <UniqueIdentifier>{295d0efb-4e42-4398-9754-1609584ea513}</UniqueIdentifier>
    </Filter>
    <Filter Include="parser">
      <UniqueIdentifier>{4b5a2634-59b1-40af-a376-b26c90850503}</UniqueIdentifier>
    </Filter>
    <Filter Include="lights">
      <UniqueIdentifier>{71d25bd0-115f-4dfb-b82b-65ace380d874}</UniqueIdentifier>
    </Filter>
    <Filter Include="configuration">
      <UniqueIdentifier>{2e3fbc28-457e-43ff-bd80-b73dff8ef6b6}</UniqueIdentifier>
    </Filter>
    <Filter Include="math">
      <UniqueIdentifier>{809b451a-d5ef-418d-8f18-e90304c82741}</UniqueIdentifier>
    </Filter>
    <Filter Include="textures">
      <UniqueIdentifier>{d04a2e5e-ad34-4991-9a7d-c4613f2fc9bb}</UniqueIdentifier>
    </Filter>
  </ItemGroup>
  <ItemGroup>
    <ClInclude Include="..\src\core\scene.h">
      <Filter>core</Filter>
    </ClInclude>
    <ClInclude Include="..\src\application\application.h">
      <Filter>application</Filter>
    </ClInclude>
    <ClInclude Include="..\src\application\window.h">
      <Filter>application</Filter>
    </ClInclude>
    <ClInclude Include="..\3rd_party\imgui\imconfig.h">
      <Filter>imgui</Filter>
    </ClInclude>
    <ClInclude Include="..\3rd_party\imgui\imgui.h">
      <Filter>imgui</Filter>
    </ClInclude>
    <ClInclude Include="..\3rd_party\imgui\imgui_internal.h">
      <Filter>imgui</Filter>
    </ClInclude>
    <ClInclude Include="..\3rd_party\imgui\imstb_rectpack.h">
      <Filter>imgui</Filter>
    </ClInclude>
    <ClInclude Include="..\3rd_party\imgui\imstb_textedit.h">
      <Filter>imgui</Filter>
    </ClInclude>
    <ClInclude Include="..\3rd_party\imgui\imstb_truetype.h">
      <Filter>imgui</Filter>
    </ClInclude>
    <ClInclude Include="..\3rd_party\imgui\examples\imgui_impl_opengl3.h">
      <Filter>imgui</Filter>
    </ClInclude>
    <ClInclude Include="..\3rd_party\imgui\examples\imgui_impl_glfw.h">
      <Filter>imgui</Filter>
    </ClInclude>
    <ClInclude Include="..\src\application\menu.h">
      <Filter>application</Filter>
    </ClInclude>
    <ClInclude Include="..\src\geometry\triangle.h">
      <Filter>geometry</Filter>
    </ClInclude>
    <ClInclude Include="..\src\core\camera.h">
      <Filter>core</Filter>
    </ClInclude>
    <ClInclude Include="..\src\rasterizer\shader.h">
      <Filter>rasterizer</Filter>
    </ClInclude>
    <ClInclude Include="..\src\rasterizer\input_handler.h">
      <Filter>rasterizer</Filter>
    </ClInclude>
    <ClInclude Include="..\src\rasterizer\shader_manager.h">
      <Filter>rasterizer</Filter>
    </ClInclude>
    <ClInclude Include="..\src\materials\plastic.h">
      <Filter>materials</Filter>
    </ClInclude>
    <ClInclude Include="..\src\geometry\bbox.h">
      <Filter>geometry</Filter>
    </ClInclude>
    <ClInclude Include="..\src\geometry\ray.h">
      <Filter>geometry</Filter>
    </ClInclude>
    <ClInclude Include="..\src\core\material.h">
      <Filter>core</Filter>
    </ClInclude>
    <ClInclude Include="..\src\integrators\whitted.h">
      <Filter>integrators</Filter>
    </ClInclude>
    <ClInclude Include="..\src\core\integrator.h">
      <Filter>core</Filter>
    </ClInclude>
    <ClInclude Include="..\src\accelerators\bvh.h">
      <Filter>accelerators</Filter>
    </ClInclude>
    <ClInclude Include="..\src\core\aggregate.h">
      <Filter>core</Filter>
    </ClInclude>
    <ClInclude Include="..\src\geometry\scene_object.h">
      <Filter>geometry</Filter>
    </ClInclude>
    <ClInclude Include="..\src\accelerators\node.h">
      <Filter>accelerators</Filter>
    </ClInclude>
    <ClInclude Include="..\src\core\light.h">
      <Filter>core</Filter>
    </ClInclude>
    <ClInclude Include="..\src\geometry\mesh.h">
      <Filter>geometry</Filter>
    </ClInclude>
    <ClInclude Include="..\src\geometry\intersection.h">
      <Filter>geometry</Filter>
    </ClInclude>
    <ClInclude Include="..\src\rasterizer\camera_handler.h">
      <Filter>rasterizer</Filter>
    </ClInclude>
    <ClInclude Include="..\src\cameras\projective.h">
      <Filter>cameras</Filter>
    </ClInclude>
    <ClInclude Include="..\src\geometry\transformation.h">
      <Filter>geometry</Filter>
    </ClInclude>
    <ClInclude Include="..\src\rasterizer\ray_caster.h">
      <Filter>rasterizer</Filter>
    </ClInclude>
    <ClInclude Include="..\src\core\uniform_sampler.h">
      <Filter>core</Filter>
    </ClInclude>
    <ClInclude Include="..\src\core\film.h">
      <Filter>core</Filter>
    </ClInclude>
    <ClInclude Include="..\src\parser\parser.h">
      <Filter>parser</Filter>
    </ClInclude>
    <ClInclude Include="..\src\parser\types.h">
      <Filter>parser</Filter>
    </ClInclude>
    <ClInclude Include="..\src\geometry\loader.h">
      <Filter>geometry</Filter>
    </ClInclude>
    <ClInclude Include="..\src\lights\point_light.h">
      <Filter>lights</Filter>
    </ClInclude>
    <ClInclude Include="..\src\geometry\coordinate_system.h">
      <Filter>geometry</Filter>
    </ClInclude>
    <ClInclude Include="..\src\math\reflection.h">
      <Filter>math</Filter>
    </ClInclude>
    <ClInclude Include="..\src\textures\texture.h">
      <Filter>textures</Filter>
    </ClInclude>
    <ClInclude Include="..\src\textures\image_texture.h">
      <Filter>textures</Filter>
    </ClInclude>
    <ClInclude Include="..\src\core\reflection.h">
      <Filter>core</Filter>
    </ClInclude>
    <ClInclude Include="..\src\textures\constant_texture.h">
      <Filter>textures</Filter>
    </ClInclude>
    <ClInclude Include="..\src\materials\lambertian.h">
      <Filter>materials</Filter>
    </ClInclude>
    <ClInclude Include="..\src\core\bxdf.h">
      <Filter>core</Filter>
    </ClInclude>
  </ItemGroup>
  <ItemGroup>
    <ClCompile Include="..\src\main.cpp" />
    <ClCompile Include="..\src\application\application.cpp">
      <Filter>application</Filter>
    </ClCompile>
    <ClCompile Include="..\src\application\window.cpp">
      <Filter>application</Filter>
    </ClCompile>
    <ClCompile Include="..\3rd_party\imgui\imgui.cpp">
      <Filter>imgui</Filter>
    </ClCompile>
    <ClCompile Include="..\3rd_party\imgui\imgui_demo.cpp">
      <Filter>imgui</Filter>
    </ClCompile>
    <ClCompile Include="..\3rd_party\imgui\imgui_draw.cpp">
      <Filter>imgui</Filter>
    </ClCompile>
    <ClCompile Include="..\3rd_party\imgui\imgui_widgets.cpp">
      <Filter>imgui</Filter>
    </ClCompile>
    <ClCompile Include="..\3rd_party\imgui\examples\imgui_impl_opengl3.cpp">
      <Filter>imgui</Filter>
    </ClCompile>
    <ClCompile Include="..\3rd_party\imgui\examples\imgui_impl_glfw.cpp">
      <Filter>imgui</Filter>
    </ClCompile>
    <ClCompile Include="..\src\application\menu.cpp">
      <Filter>application</Filter>
    </ClCompile>
    <ClCompile Include="..\src\rasterizer\shader.cpp">
      <Filter>rasterizer</Filter>
    </ClCompile>
    <ClCompile Include="..\src\rasterizer\input_handler.cpp">
      <Filter>rasterizer</Filter>
    </ClCompile>
    <ClCompile Include="..\src\rasterizer\shader_manager.cpp">
      <Filter>rasterizer</Filter>
    </ClCompile>
    <ClCompile Include="..\src\geometry\bbox.cpp">
      <Filter>geometry</Filter>
    </ClCompile>
    <ClCompile Include="..\src\geometry\ray.cpp">
      <Filter>geometry</Filter>
    </ClCompile>
    <ClCompile Include="..\src\geometry\mesh.cpp">
      <Filter>geometry</Filter>
    </ClCompile>
    <ClCompile Include="..\src\geometry\triangle.cpp">
      <Filter>geometry</Filter>
    </ClCompile>
    <ClCompile Include="..\src\core\scene.cpp">
      <Filter>core</Filter>
    </ClCompile>
    <ClCompile Include="..\src\geometry\transformation.cpp">
      <Filter>geometry</Filter>
    </ClCompile>
    <ClCompile Include="..\src\rasterizer\ray_caster.cpp">
      <Filter>rasterizer</Filter>
    </ClCompile>
    <ClCompile Include="..\src\core\film.cpp">
      <Filter>core</Filter>
    </ClCompile>
    <ClCompile Include="..\src\integrators\whitted.cpp">
      <Filter>integrators</Filter>
    </ClCompile>
    <ClCompile Include="..\src\geometry\loader.cpp">
      <Filter>geometry</Filter>
    </ClCompile>
    <ClCompile Include="..\src\core\camera.cpp">
      <Filter>core</Filter>
    </ClCompile>
    <ClCompile Include="..\src\cameras\projective.cpp">
      <Filter>cameras</Filter>
    </ClCompile>
    <ClCompile Include="..\src\core\integrator.cpp">
      <Filter>core</Filter>
    </ClCompile>
    <ClCompile Include="..\src\core\reflection.cpp">
      <Filter>core</Filter>
    </ClCompile>
    <ClCompile Include="..\src\textures\image_texture.cpp">
      <Filter>textures</Filter>
    </ClCompile>
    <ClCompile Include="..\src\materials\lambertian.cpp">
      <Filter>materials</Filter>
    </ClCompile>
  </ItemGroup>
  <ItemGroup>
    <None Include="..\src\rasterizer\glsl\texture\texture.frag">
      <Filter>rasterizer\glsl\texture</Filter>
    </None>
    <None Include="..\src\rasterizer\glsl\texture\texture.vert">
      <Filter>rasterizer\glsl\texture</Filter>
    </None>
    <None Include="..\src\rasterizer\glsl\flat\flat.frag">
      <Filter>rasterizer\glsl\flat</Filter>
    </None>
    <None Include="..\src\rasterizer\glsl\flat\flat.geo">
      <Filter>rasterizer\glsl\flat</Filter>
    </None>
    <None Include="..\src\rasterizer\glsl\flat\flat.vert">
      <Filter>rasterizer\glsl\flat</Filter>
    </None>
    <None Include="..\src\rasterizer\glsl\normals\normals.frag">
      <Filter>rasterizer\glsl\normals</Filter>
    </None>
    <None Include="..\src\rasterizer\glsl\smooth\smooth.frag">
      <Filter>rasterizer\glsl\smooth</Filter>
    </None>
    <None Include="..\src\rasterizer\glsl\smooth\smooth.vert">
      <Filter>rasterizer\glsl\smooth</Filter>
    </None>
    <None Include="..\configuration\default.json">
      <Filter>configuration</Filter>
    </None>
  </ItemGroup>
</Project>